
Microsoft Visual Studio Solution File, Format Version 12.00
# Visual Studio Version 17
VisualStudioVersion = 17.14.36414.22
MinimumVisualStudioVersion = 10.0.40219.1
Project("{8BC9CEB8-8B4A-11D0-8D11-00A0C91BC942}") = "1.0.7_LAB", "1.0.7_LAB\1.0.7_LAB.vcxproj", "{7B6C5F6B-90DB-4F44-A27D-90275690925E}"
EndProject
Project("{8BC9CEB8-8B4A-11D0-8D11-00A0C91BC942}") = "1.0.8_LAB", "1.0.8_LAB\1.0.8_LAB.vcxproj", "{3D633789-1E11-4CE1-A82B-E50440D726E6}"
EndProject
Project("{8BC9CEB8-8B4A-11D0-8D11-00A0C91BC942}") = "1.0.9_LAB", "1.0.9_LAB\1.0.9_LAB.vcxproj", "{DBBA58BD-BD35-4C1B-A037-F0158727140C}"
EndProject
Project("{8BC9CEB8-8B4A-11D0-8D11-00A0C91BC942}") = "1.0.10 -LAB", "1.0.10 -LAB\1.0.10 -LAB.vcxproj", "{5AFA907A-8AD1-4A96-B827-B494F6715B93}"
EndProject
Project("{8BC9CEB8-8B4A-11D0-8D11-00A0C91BC942}") = "1.2.12  _LAB", "1.2.12  _LAB\1.2.12  _LAB.vcxproj", "{EA2C5A9E-C76B-4B3A-A58D-D8E65D1BB6FB}"
EndProject
Project("{8BC9CEB8-8B4A-11D0-8D11-00A0C91BC942}") = "1.2.13_LAB", "1.2.13_LAB\1.2.13_LAB.vcxproj", "{31C1BCFA-BF9C-4D54-9429-C38A7911EA86}"
EndProject
Project("{8BC9CEB8-8B4A-11D0-8D11-00A0C91BC942}") = "1.2.14_LAB", "1.2.14_LAB\1.2.14_LAB.vcxproj", "{468A7FA8-FF59-4C58-9AB8-D96C117B1C97}"
EndProject
Project("{8BC9CEB8-8B4A-11D0-8D11-00A0C91BC942}") = "1.2.15_LAB", "1.2.15_LAB\1.2.15_LAB.vcxproj", "{848E2950-41DD-40C0-81B9-4E30719212CD}"
EndProject
Project("{8BC9CEB8-8B4A-11D0-8D11-00A0C91BC942}") = "1.2.16_LAB", "1.2.16_LAB\1.2.16_LAB.vcxproj", "{20FB7F76-AA9F-419E-BAE6-96F8F1422B26}"
EndProject
Project("{8BC9CEB8-8B4A-11D0-8D11-00A0C91BC942}") = "1.2.17_LAB", "1.2.17_LAB\1.2.17_LAB.vcxproj", "{030D36BD-33F6-4447-8100-3921202C543A}"
EndProject
Project("{8BC9CEB8-8B4A-11D0-8D11-00A0C91BC942}") = "1.2.18_LAB", "1.2.18_LAB\1.2.18_LAB.vcxproj", "{E60BBCA1-F21D-46E6-9439-08A02CCBD6B1}"
EndProject
Project("{8BC9CEB8-8B4A-11D0-8D11-00A0C91BC942}") = "1.2.19_LAB", "1.2.19_LAB\1.2.19_LAB.vcxproj", "{C76A5916-769A-4BC5-AD9B-4E7D4773BBB0}"
EndProject
Project("{8BC9CEB8-8B4A-11D0-8D11-00A0C91BC942}") = "1.2.20_LAB", "1.2.20_LAB\1.2.20_LAB.vcxproj", "{6A0D9138-31F6-4756-BBCC-0301B70238F7}"
EndProject
Project("{8BC9CEB8-8B4A-11D0-8D11-00A0C91BC942}") = "1.2.21_LAB", "1.2.21_LAB\1.2.21_LAB.vcxproj", "{51D3F02E-797C-4217-9B77-35E19418464F}"
EndProject
Project("{8BC9CEB8-8B4A-11D0-8D11-00A0C91BC942}") = "1.2.22_LAB", "1.2.22_LAB\1.2.22_LAB.vcxproj", "{862D2C27-0E31-42BA-829A-455E8C06C51D}"
EndProject
Project("{8BC9CEB8-8B4A-11D0-8D11-00A0C91BC942}") = "1.2.23_LAB", "1.2.23_LAB\1.2.23_LAB.vcxproj", "{DCFEF377-3A59-461D-94A3-E425BAAB851C}"
EndProject
Project("{8BC9CEB8-8B4A-11D0-8D11-00A0C91BC942}") = "1.2.24_LAB", "1.2.24_LAB\1.2.24_LAB.vcxproj", "{E443FB69-0722-4807-9868-676FD8E6F2EC}"
EndProject
Project("{8BC9CEB8-8B4A-11D0-8D11-00A0C91BC942}") = "1.2.25_LAB", "1.2.25_LAB\1.2.25_LAB.vcxproj", "{D208A185-B659-42E3-BA4D-568A0E51A6D9}"
EndProject
Project("{8BC9CEB8-8B4A-11D0-8D11-00A0C91BC942}") = "1.2.26_LAB", "1.2.26_LAB\1.2.26_LAB.vcxproj", "{FF6ADF4D-5735-4CD2-B644-47B54E7E9708}"
EndProject
Project("{8BC9CEB8-8B4A-11D0-8D11-00A0C91BC942}") = "1.2.27_LAB", "1.2.27_LAB\1.2.27_LAB.vcxproj", "{C78511DC-E8F6-4BCD-A850-FDA453323B2F}"
EndProject
Project("{8BC9CEB8-8B4A-11D0-8D11-00A0C91BC942}") = "1.2.28_LAB", "1.2.28_LAB\1.2.28_LAB.vcxproj", "{783FB80E-9F78-4253-B85E-97FDFF2922DF}"
EndProject
Project("{8BC9CEB8-8B4A-11D0-8D11-00A0C91BC942}") = "1.2.29_LAB", "1.2.29_LAB\1.2.29_LAB.vcxproj", "{BD49F43E-FFCC-488B-9E67-DEEB43033CBA}"
EndProject
Project("{8BC9CEB8-8B4A-11D0-8D11-00A0C91BC942}") = "1.2.30_LAB", "1.2.30_LAB\1.2.30_LAB.vcxproj", "{9B26710D-6AA7-4FDC-8E75-90B15F8608A5}"
EndProject
Project("{8BC9CEB8-8B4A-11D0-8D11-00A0C91BC942}") = "1.2.31_LAB", "1.2.31_LAB\1.2.31_LAB.vcxproj", "{59843F38-446C-4A30-B2BF-986074DFC1C0}"
EndProject
Global
	GlobalSection(SolutionConfigurationPlatforms) = preSolution
		Debug|x64 = Debug|x64
		Debug|x86 = Debug|x86
		Release|x64 = Release|x64
		Release|x86 = Release|x86
	EndGlobalSection
	GlobalSection(ProjectConfigurationPlatforms) = postSolution
		{7B6C5F6B-90DB-4F44-A27D-90275690925E}.Debug|x64.ActiveCfg = Debug|x64
		{7B6C5F6B-90DB-4F44-A27D-90275690925E}.Debug|x64.Build.0 = Debug|x64
		{7B6C5F6B-90DB-4F44-A27D-90275690925E}.Debug|x86.ActiveCfg = Debug|Win32
		{7B6C5F6B-90DB-4F44-A27D-90275690925E}.Debug|x86.Build.0 = Debug|Win32
		{7B6C5F6B-90DB-4F44-A27D-90275690925E}.Release|x64.ActiveCfg = Release|x64
		{7B6C5F6B-90DB-4F44-A27D-90275690925E}.Release|x64.Build.0 = Release|x64
		{7B6C5F6B-90DB-4F44-A27D-90275690925E}.Release|x86.ActiveCfg = Release|Win32
		{7B6C5F6B-90DB-4F44-A27D-90275690925E}.Release|x86.Build.0 = Release|Win32
		{3D633789-1E11-4CE1-A82B-E50440D726E6}.Debug|x64.ActiveCfg = Debug|x64
		{3D633789-1E11-4CE1-A82B-E50440D726E6}.Debug|x64.Build.0 = Debug|x64
		{3D633789-1E11-4CE1-A82B-E50440D726E6}.Debug|x86.ActiveCfg = Debug|Win32
		{3D633789-1E11-4CE1-A82B-E50440D726E6}.Debug|x86.Build.0 = Debug|Win32
		{3D633789-1E11-4CE1-A82B-E50440D726E6}.Release|x64.ActiveCfg = Release|x64
		{3D633789-1E11-4CE1-A82B-E50440D726E6}.Release|x64.Build.0 = Release|x64
		{3D633789-1E11-4CE1-A82B-E50440D726E6}.Release|x86.ActiveCfg = Release|Win32
		{3D633789-1E11-4CE1-A82B-E50440D726E6}.Release|x86.Build.0 = Release|Win32
		{DBBA58BD-BD35-4C1B-A037-F0158727140C}.Debug|x64.ActiveCfg = Debug|x64
		{DBBA58BD-BD35-4C1B-A037-F0158727140C}.Debug|x64.Build.0 = Debug|x64
		{DBBA58BD-BD35-4C1B-A037-F0158727140C}.Debug|x86.ActiveCfg = Debug|Win32
		{DBBA58BD-BD35-4C1B-A037-F0158727140C}.Debug|x86.Build.0 = Debug|Win32
		{DBBA58BD-BD35-4C1B-A037-F0158727140C}.Release|x64.ActiveCfg = Release|x64
		{DBBA58BD-BD35-4C1B-A037-F0158727140C}.Release|x64.Build.0 = Release|x64
		{DBBA58BD-BD35-4C1B-A037-F0158727140C}.Release|x86.ActiveCfg = Release|Win32
		{DBBA58BD-BD35-4C1B-A037-F0158727140C}.Release|x86.Build.0 = Release|Win32
		{5AFA907A-8AD1-4A96-B827-B494F6715B93}.Debug|x64.ActiveCfg = Debug|x64
		{5AFA907A-8AD1-4A96-B827-B494F6715B93}.Debug|x64.Build.0 = Debug|x64
		{5AFA907A-8AD1-4A96-B827-B494F6715B93}.Debug|x86.ActiveCfg = Debug|Win32
		{5AFA907A-8AD1-4A96-B827-B494F6715B93}.Debug|x86.Build.0 = Debug|Win32
		{5AFA907A-8AD1-4A96-B827-B494F6715B93}.Release|x64.ActiveCfg = Release|x64
		{5AFA907A-8AD1-4A96-B827-B494F6715B93}.Release|x64.Build.0 = Release|x64
		{5AFA907A-8AD1-4A96-B827-B494F6715B93}.Release|x86.ActiveCfg = Release|Win32
		{5AFA907A-8AD1-4A96-B827-B494F6715B93}.Release|x86.Build.0 = Release|Win32
		{EA2C5A9E-C76B-4B3A-A58D-D8E65D1BB6FB}.Debug|x64.ActiveCfg = Debug|x64
		{EA2C5A9E-C76B-4B3A-A58D-D8E65D1BB6FB}.Debug|x64.Build.0 = Debug|x64
		{EA2C5A9E-C76B-4B3A-A58D-D8E65D1BB6FB}.Debug|x86.ActiveCfg = Debug|Win32
		{EA2C5A9E-C76B-4B3A-A58D-D8E65D1BB6FB}.Debug|x86.Build.0 = Debug|Win32
		{EA2C5A9E-C76B-4B3A-A58D-D8E65D1BB6FB}.Release|x64.ActiveCfg = Release|x64
		{EA2C5A9E-C76B-4B3A-A58D-D8E65D1BB6FB}.Release|x64.Build.0 = Release|x64
		{EA2C5A9E-C76B-4B3A-A58D-D8E65D1BB6FB}.Release|x86.ActiveCfg = Release|Win32
		{EA2C5A9E-C76B-4B3A-A58D-D8E65D1BB6FB}.Release|x86.Build.0 = Release|Win32
		{31C1BCFA-BF9C-4D54-9429-C38A7911EA86}.Debug|x64.ActiveCfg = Debug|x64
		{31C1BCFA-BF9C-4D54-9429-C38A7911EA86}.Debug|x64.Build.0 = Debug|x64
		{31C1BCFA-BF9C-4D54-9429-C38A7911EA86}.Debug|x86.ActiveCfg = Debug|Win32
		{31C1BCFA-BF9C-4D54-9429-C38A7911EA86}.Debug|x86.Build.0 = Debug|Win32
		{31C1BCFA-BF9C-4D54-9429-C38A7911EA86}.Release|x64.ActiveCfg = Release|x64
		{31C1BCFA-BF9C-4D54-9429-C38A7911EA86}.Release|x64.Build.0 = Release|x64
		{31C1BCFA-BF9C-4D54-9429-C38A7911EA86}.Release|x86.ActiveCfg = Release|Win32
		{31C1BCFA-BF9C-4D54-9429-C38A7911EA86}.Release|x86.Build.0 = Release|Win32
		{468A7FA8-FF59-4C58-9AB8-D96C117B1C97}.Debug|x64.ActiveCfg = Debug|x64
		{468A7FA8-FF59-4C58-9AB8-D96C117B1C97}.Debug|x64.Build.0 = Debug|x64
		{468A7FA8-FF59-4C58-9AB8-D96C117B1C97}.Debug|x86.ActiveCfg = Debug|Win32
		{468A7FA8-FF59-4C58-9AB8-D96C117B1C97}.Debug|x86.Build.0 = Debug|Win32
		{468A7FA8-FF59-4C58-9AB8-D96C117B1C97}.Release|x64.ActiveCfg = Release|x64
		{468A7FA8-FF59-4C58-9AB8-D96C117B1C97}.Release|x64.Build.0 = Release|x64
		{468A7FA8-FF59-4C58-9AB8-D96C117B1C97}.Release|x86.ActiveCfg = Release|Win32
		{468A7FA8-FF59-4C58-9AB8-D96C117B1C97}.Release|x86.Build.0 = Release|Win32
		{848E2950-41DD-40C0-81B9-4E30719212CD}.Debug|x64.ActiveCfg = Debug|x64
		{848E2950-41DD-40C0-81B9-4E30719212CD}.Debug|x64.Build.0 = Debug|x64
		{848E2950-41DD-40C0-81B9-4E30719212CD}.Debug|x86.ActiveCfg = Debug|Win32
		{848E2950-41DD-40C0-81B9-4E30719212CD}.Debug|x86.Build.0 = Debug|Win32
		{848E2950-41DD-40C0-81B9-4E30719212CD}.Release|x64.ActiveCfg = Release|x64
		{848E2950-41DD-40C0-81B9-4E30719212CD}.Release|x64.Build.0 = Release|x64
		{848E2950-41DD-40C0-81B9-4E30719212CD}.Release|x86.ActiveCfg = Release|Win32
		{848E2950-41DD-40C0-81B9-4E30719212CD}.Release|x86.Build.0 = Release|Win32
		{20FB7F76-AA9F-419E-BAE6-96F8F1422B26}.Debug|x64.ActiveCfg = Debug|x64
		{20FB7F76-AA9F-419E-BAE6-96F8F1422B26}.Debug|x64.Build.0 = Debug|x64
		{20FB7F76-AA9F-419E-BAE6-96F8F1422B26}.Debug|x86.ActiveCfg = Debug|Win32
		{20FB7F76-AA9F-419E-BAE6-96F8F1422B26}.Debug|x86.Build.0 = Debug|Win32
		{20FB7F76-AA9F-419E-BAE6-96F8F1422B26}.Release|x64.ActiveCfg = Release|x64
		{20FB7F76-AA9F-419E-BAE6-96F8F1422B26}.Release|x64.Build.0 = Release|x64
		{20FB7F76-AA9F-419E-BAE6-96F8F1422B26}.Release|x86.ActiveCfg = Release|Win32
		{20FB7F76-AA9F-419E-BAE6-96F8F1422B26}.Release|x86.Build.0 = Release|Win32
		{030D36BD-33F6-4447-8100-3921202C543A}.Debug|x64.ActiveCfg = Debug|x64
		{030D36BD-33F6-4447-8100-3921202C543A}.Debug|x64.Build.0 = Debug|x64
		{030D36BD-33F6-4447-8100-3921202C543A}.Debug|x86.ActiveCfg = Debug|Win32
		{030D36BD-33F6-4447-8100-3921202C543A}.Debug|x86.Build.0 = Debug|Win32
		{030D36BD-33F6-4447-8100-3921202C543A}.Release|x64.ActiveCfg = Release|x64
		{030D36BD-33F6-4447-8100-3921202C543A}.Release|x64.Build.0 = Release|x64
		{030D36BD-33F6-4447-8100-3921202C543A}.Release|x86.ActiveCfg = Release|Win32
		{030D36BD-33F6-4447-8100-3921202C543A}.Release|x86.Build.0 = Release|Win32
		{E60BBCA1-F21D-46E6-9439-08A02CCBD6B1}.Debug|x64.ActiveCfg = Debug|x64
		{E60BBCA1-F21D-46E6-9439-08A02CCBD6B1}.Debug|x64.Build.0 = Debug|x64
		{E60BBCA1-F21D-46E6-9439-08A02CCBD6B1}.Debug|x86.ActiveCfg = Debug|Win32
		{E60BBCA1-F21D-46E6-9439-08A02CCBD6B1}.Debug|x86.Build.0 = Debug|Win32
		{E60BBCA1-F21D-46E6-9439-08A02CCBD6B1}.Release|x64.ActiveCfg = Release|x64
		{E60BBCA1-F21D-46E6-9439-08A02CCBD6B1}.Release|x64.Build.0 = Release|x64
		{E60BBCA1-F21D-46E6-9439-08A02CCBD6B1}.Release|x86.ActiveCfg = Release|Win32
		{E60BBCA1-F21D-46E6-9439-08A02CCBD6B1}.Release|x86.Build.0 = Release|Win32
		{C76A5916-769A-4BC5-AD9B-4E7D4773BBB0}.Debug|x64.ActiveCfg = Debug|x64
		{C76A5916-769A-4BC5-AD9B-4E7D4773BBB0}.Debug|x64.Build.0 = Debug|x64
		{C76A5916-769A-4BC5-AD9B-4E7D4773BBB0}.Debug|x86.ActiveCfg = Debug|Win32
		{C76A5916-769A-4BC5-AD9B-4E7D4773BBB0}.Debug|x86.Build.0 = Debug|Win32
		{C76A5916-769A-4BC5-AD9B-4E7D4773BBB0}.Release|x64.ActiveCfg = Release|x64
		{C76A5916-769A-4BC5-AD9B-4E7D4773BBB0}.Release|x64.Build.0 = Release|x64
		{C76A5916-769A-4BC5-AD9B-4E7D4773BBB0}.Release|x86.ActiveCfg = Release|Win32
		{C76A5916-769A-4BC5-AD9B-4E7D4773BBB0}.Release|x86.Build.0 = Release|Win32
		{6A0D9138-31F6-4756-BBCC-0301B70238F7}.Debug|x64.ActiveCfg = Debug|x64
		{6A0D9138-31F6-4756-BBCC-0301B70238F7}.Debug|x64.Build.0 = Debug|x64
		{6A0D9138-31F6-4756-BBCC-0301B70238F7}.Debug|x86.ActiveCfg = Debug|Win32
		{6A0D9138-31F6-4756-BBCC-0301B70238F7}.Debug|x86.Build.0 = Debug|Win32
		{6A0D9138-31F6-4756-BBCC-0301B70238F7}.Release|x64.ActiveCfg = Release|x64
		{6A0D9138-31F6-4756-BBCC-0301B70238F7}.Release|x64.Build.0 = Release|x64
		{6A0D9138-31F6-4756-BBCC-0301B70238F7}.Release|x86.ActiveCfg = Release|Win32
		{6A0D9138-31F6-4756-BBCC-0301B70238F7}.Release|x86.Build.0 = Release|Win32
		{51D3F02E-797C-4217-9B77-35E19418464F}.Debug|x64.ActiveCfg = Debug|x64
		{51D3F02E-797C-4217-9B77-35E19418464F}.Debug|x64.Build.0 = Debug|x64
		{51D3F02E-797C-4217-9B77-35E19418464F}.Debug|x86.ActiveCfg = Debug|Win32
		{51D3F02E-797C-4217-9B77-35E19418464F}.Debug|x86.Build.0 = Debug|Win32
		{51D3F02E-797C-4217-9B77-35E19418464F}.Release|x64.ActiveCfg = Release|x64
		{51D3F02E-797C-4217-9B77-35E19418464F}.Release|x64.Build.0 = Release|x64
		{51D3F02E-797C-4217-9B77-35E19418464F}.Release|x86.ActiveCfg = Release|Win32
		{51D3F02E-797C-4217-9B77-35E19418464F}.Release|x86.Build.0 = Release|Win32
		{862D2C27-0E31-42BA-829A-455E8C06C51D}.Debug|x64.ActiveCfg = Debug|x64
		{862D2C27-0E31-42BA-829A-455E8C06C51D}.Debug|x64.Build.0 = Debug|x64
		{862D2C27-0E31-42BA-829A-455E8C06C51D}.Debug|x86.ActiveCfg = Debug|Win32
		{862D2C27-0E31-42BA-829A-455E8C06C51D}.Debug|x86.Build.0 = Debug|Win32
		{862D2C27-0E31-42BA-829A-455E8C06C51D}.Release|x64.ActiveCfg = Release|x64
		{862D2C27-0E31-42BA-829A-455E8C06C51D}.Release|x64.Build.0 = Release|x64
		{862D2C27-0E31-42BA-829A-455E8C06C51D}.Release|x86.ActiveCfg = Release|Win32
		{862D2C27-0E31-42BA-829A-455E8C06C51D}.Release|x86.Build.0 = Release|Win32
		{DCFEF377-3A59-461D-94A3-E425BAAB851C}.Debug|x64.ActiveCfg = Debug|x64
		{DCFEF377-3A59-461D-94A3-E425BAAB851C}.Debug|x64.Build.0 = Debug|x64
		{DCFEF377-3A59-461D-94A3-E425BAAB851C}.Debug|x86.ActiveCfg = Debug|Win32
		{DCFEF377-3A59-461D-94A3-E425BAAB851C}.Debug|x86.Build.0 = Debug|Win32
		{DCFEF377-3A59-461D-94A3-E425BAAB851C}.Release|x64.ActiveCfg = Release|x64
		{DCFEF377-3A59-461D-94A3-E425BAAB851C}.Release|x64.Build.0 = Release|x64
		{DCFEF377-3A59-461D-94A3-E425BAAB851C}.Release|x86.ActiveCfg = Release|Win32
		{DCFEF377-3A59-461D-94A3-E425BAAB851C}.Release|x86.Build.0 = Release|Win32
		{E443FB69-0722-4807-9868-676FD8E6F2EC}.Debug|x64.ActiveCfg = Debug|x64
		{E443FB69-0722-4807-9868-676FD8E6F2EC}.Debug|x64.Build.0 = Debug|x64
		{E443FB69-0722-4807-9868-676FD8E6F2EC}.Debug|x86.ActiveCfg = Debug|Win32
		{E443FB69-0722-4807-9868-676FD8E6F2EC}.Debug|x86.Build.0 = Debug|Win32
		{E443FB69-0722-4807-9868-676FD8E6F2EC}.Release|x64.ActiveCfg = Release|x64
		{E443FB69-0722-4807-9868-676FD8E6F2EC}.Release|x64.Build.0 = Release|x64
		{E443FB69-0722-4807-9868-676FD8E6F2EC}.Release|x86.ActiveCfg = Release|Win32
		{E443FB69-0722-4807-9868-676FD8E6F2EC}.Release|x86.Build.0 = Release|Win32
		{D208A185-B659-42E3-BA4D-568A0E51A6D9}.Debug|x64.ActiveCfg = Debug|x64
		{D208A185-B659-42E3-BA4D-568A0E51A6D9}.Debug|x64.Build.0 = Debug|x64
		{D208A185-B659-42E3-BA4D-568A0E51A6D9}.Debug|x86.ActiveCfg = Debug|Win32
		{D208A185-B659-42E3-BA4D-568A0E51A6D9}.Debug|x86.Build.0 = Debug|Win32
		{D208A185-B659-42E3-BA4D-568A0E51A6D9}.Release|x64.ActiveCfg = Release|x64
		{D208A185-B659-42E3-BA4D-568A0E51A6D9}.Release|x64.Build.0 = Release|x64
		{D208A185-B659-42E3-BA4D-568A0E51A6D9}.Release|x86.ActiveCfg = Release|Win32
		{D208A185-B659-42E3-BA4D-568A0E51A6D9}.Release|x86.Build.0 = Release|Win32
		{FF6ADF4D-5735-4CD2-B644-47B54E7E9708}.Debug|x64.ActiveCfg = Debug|x64
		{FF6ADF4D-5735-4CD2-B644-47B54E7E9708}.Debug|x64.Build.0 = Debug|x64
		{FF6ADF4D-5735-4CD2-B644-47B54E7E9708}.Debug|x86.ActiveCfg = Debug|Win32
		{FF6ADF4D-5735-4CD2-B644-47B54E7E9708}.Debug|x86.Build.0 = Debug|Win32
		{FF6ADF4D-5735-4CD2-B644-47B54E7E9708}.Release|x64.ActiveCfg = Release|x64
		{FF6ADF4D-5735-4CD2-B644-47B54E7E9708}.Release|x64.Build.0 = Release|x64
		{FF6ADF4D-5735-4CD2-B644-47B54E7E9708}.Release|x86.ActiveCfg = Release|Win32
		{FF6ADF4D-5735-4CD2-B644-47B54E7E9708}.Release|x86.Build.0 = Release|Win32
		{C78511DC-E8F6-4BCD-A850-FDA453323B2F}.Debug|x64.ActiveCfg = Debug|x64
		{C78511DC-E8F6-4BCD-A850-FDA453323B2F}.Debug|x64.Build.0 = Debug|x64
		{C78511DC-E8F6-4BCD-A850-FDA453323B2F}.Debug|x86.ActiveCfg = Debug|Win32
		{C78511DC-E8F6-4BCD-A850-FDA453323B2F}.Debug|x86.Build.0 = Debug|Win32
		{C78511DC-E8F6-4BCD-A850-FDA453323B2F}.Release|x64.ActiveCfg = Release|x64
		{C78511DC-E8F6-4BCD-A850-FDA453323B2F}.Release|x64.Build.0 = Release|x64
		{C78511DC-E8F6-4BCD-A850-FDA453323B2F}.Release|x86.ActiveCfg = Release|Win32
		{C78511DC-E8F6-4BCD-A850-FDA453323B2F}.Release|x86.Build.0 = Release|Win32
		{783FB80E-9F78-4253-B85E-97FDFF2922DF}.Debug|x64.ActiveCfg = Debug|x64
		{783FB80E-9F78-4253-B85E-97FDFF2922DF}.Debug|x64.Build.0 = Debug|x64
		{783FB80E-9F78-4253-B85E-97FDFF2922DF}.Debug|x86.ActiveCfg = Debug|Win32
		{783FB80E-9F78-4253-B85E-97FDFF2922DF}.Debug|x86.Build.0 = Debug|Win32
		{783FB80E-9F78-4253-B85E-97FDFF2922DF}.Release|x64.ActiveCfg = Release|x64
		{783FB80E-9F78-4253-B85E-97FDFF2922DF}.Release|x64.Build.0 = Release|x64
		{783FB80E-9F78-4253-B85E-97FDFF2922DF}.Release|x86.ActiveCfg = Release|Win32
		{783FB80E-9F78-4253-B85E-97FDFF2922DF}.Release|x86.Build.0 = Release|Win32
		{BD49F43E-FFCC-488B-9E67-DEEB43033CBA}.Debug|x64.ActiveCfg = Debug|x64
		{BD49F43E-FFCC-488B-9E67-DEEB43033CBA}.Debug|x64.Build.0 = Debug|x64
		{BD49F43E-FFCC-488B-9E67-DEEB43033CBA}.Debug|x86.ActiveCfg = Debug|Win32
		{BD49F43E-FFCC-488B-9E67-DEEB43033CBA}.Debug|x86.Build.0 = Debug|Win32
		{BD49F43E-FFCC-488B-9E67-DEEB43033CBA}.Release|x64.ActiveCfg = Release|x64
		{BD49F43E-FFCC-488B-9E67-DEEB43033CBA}.Release|x64.Build.0 = Release|x64
		{BD49F43E-FFCC-488B-9E67-DEEB43033CBA}.Release|x86.ActiveCfg = Release|Win32
		{BD49F43E-FFCC-488B-9E67-DEEB43033CBA}.Release|x86.Build.0 = Release|Win32
		{9B26710D-6AA7-4FDC-8E75-90B15F8608A5}.Debug|x64.ActiveCfg = Debug|x64
		{9B26710D-6AA7-4FDC-8E75-90B15F8608A5}.Debug|x64.Build.0 = Debug|x64
		{9B26710D-6AA7-4FDC-8E75-90B15F8608A5}.Debug|x86.ActiveCfg = Debug|Win32
		{9B26710D-6AA7-4FDC-8E75-90B15F8608A5}.Debug|x86.Build.0 = Debug|Win32
		{9B26710D-6AA7-4FDC-8E75-90B15F8608A5}.Release|x64.ActiveCfg = Release|x64
		{9B26710D-6AA7-4FDC-8E75-90B15F8608A5}.Release|x64.Build.0 = Release|x64
		{9B26710D-6AA7-4FDC-8E75-90B15F8608A5}.Release|x86.ActiveCfg = Release|Win32
		{9B26710D-6AA7-4FDC-8E75-90B15F8608A5}.Release|x86.Build.0 = Release|Win32
		{59843F38-446C-4A30-B2BF-986074DFC1C0}.Debug|x64.ActiveCfg = Debug|x64
		{59843F38-446C-4A30-B2BF-986074DFC1C0}.Debug|x64.Build.0 = Debug|x64
		{59843F38-446C-4A30-B2BF-986074DFC1C0}.Debug|x86.ActiveCfg = Debug|Win32
		{59843F38-446C-4A30-B2BF-986074DFC1C0}.Debug|x86.Build.0 = Debug|Win32
		{59843F38-446C-4A30-B2BF-986074DFC1C0}.Release|x64.ActiveCfg = Release|x64
		{59843F38-446C-4A30-B2BF-986074DFC1C0}.Release|x64.Build.0 = Release|x64
		{59843F38-446C-4A30-B2BF-986074DFC1C0}.Release|x86.ActiveCfg = Release|Win32
		{59843F38-446C-4A30-B2BF-986074DFC1C0}.Release|x86.Build.0 = Release|Win32
	EndGlobalSection
	GlobalSection(SolutionProperties) = preSolution
		HideSolutionNode = FALSE
	EndGlobalSection
	GlobalSection(ExtensibilityGlobals) = postSolution
		SolutionGuid = {B1452CB8-6141-4C00-AAB0-C91AA1D9EAD8}
	EndGlobalSection
EndGlobal
