
Microsoft Visual Studio Solution File, Format Version 12.00
# Visual Studio Version 17
VisualStudioVersion = 17.14.36414.22
MinimumVisualStudioVersion = 10.0.40219.1
Project("{8BC9CEB8-8B4A-11D0-8D11-00A0C91BC942}") = "1.0.7_LAB", "1.0.7_LAB\1.0.7_LAB.vcxproj", "{7B6C5F6B-90DB-4F44-A27D-90275690925E}"
EndProject
Project("{8BC9CEB8-8B4A-11D0-8D11-00A0C91BC942}") = "1.0.8_LAB", "1.0.8_LAB\1.0.8_LAB.vcxproj", "{3D633789-1E11-4CE1-A82B-E50440D726E6}"
EndProject
Project("{8BC9CEB8-8B4A-11D0-8D11-00A0C91BC942}") = "1.0.9_LAB", "1.0.9_LAB\1.0.9_LAB.vcxproj", "{DBBA58BD-BD35-4C1B-A037-F0158727140C}"
EndProject
Project("{8BC9CEB8-8B4A-11D0-8D11-00A0C91BC942}") = "1.0.10 -LAB", "1.0.10 -LAB\1.0.10 -LAB.vcxproj", "{5AFA907A-8AD1-4A96-B827-B494F6715B93}"
EndProject
Project("{8BC9CEB8-8B4A-11D0-8D11-00A0C91BC942}") = "1.2.12  _LAB", "1.2.12  _LAB\1.2.12  _LAB.vcxproj", "{EA2C5A9E-C76B-4B3A-A58D-D8E65D1BB6FB}"
EndProject
Project("{8BC9CEB8-8B4A-11D0-8D11-00A0C91BC942}") = "1.2.13_LAB", "1.2.13_LAB\1.2.13_LAB.vcxproj", "{31C1BCFA-BF9C-4D54-9429-C38A7911EA86}"
EndProject
Global
	GlobalSection(SolutionConfigurationPlatforms) = preSolution
		Debug|x64 = Debug|x64
		Debug|x86 = Debug|x86
		Release|x64 = Release|x64
		Release|x86 = Release|x86
	EndGlobalSection
	GlobalSection(ProjectConfigurationPlatforms) = postSolution
		{7B6C5F6B-90DB-4F44-A27D-90275690925E}.Debug|x64.ActiveCfg = Debug|x64
		{7B6C5F6B-90DB-4F44-A27D-90275690925E}.Debug|x64.Build.0 = Debug|x64
		{7B6C5F6B-90DB-4F44-A27D-90275690925E}.Debug|x86.ActiveCfg = Debug|Win32
		{7B6C5F6B-90DB-4F44-A27D-90275690925E}.Debug|x86.Build.0 = Debug|Win32
		{7B6C5F6B-90DB-4F44-A27D-90275690925E}.Release|x64.ActiveCfg = Release|x64
		{7B6C5F6B-90DB-4F44-A27D-90275690925E}.Release|x64.Build.0 = Release|x64
		{7B6C5F6B-90DB-4F44-A27D-90275690925E}.Release|x86.ActiveCfg = Release|Win32
		{7B6C5F6B-90DB-4F44-A27D-90275690925E}.Release|x86.Build.0 = Release|Win32
		{3D633789-1E11-4CE1-A82B-E50440D726E6}.Debug|x64.ActiveCfg = Debug|x64
		{3D633789-1E11-4CE1-A82B-E50440D726E6}.Debug|x64.Build.0 = Debug|x64
		{3D633789-1E11-4CE1-A82B-E50440D726E6}.Debug|x86.ActiveCfg = Debug|Win32
		{3D633789-1E11-4CE1-A82B-E50440D726E6}.Debug|x86.Build.0 = Debug|Win32
		{3D633789-1E11-4CE1-A82B-E50440D726E6}.Release|x64.ActiveCfg = Release|x64
		{3D633789-1E11-4CE1-A82B-E50440D726E6}.Release|x64.Build.0 = Release|x64
		{3D633789-1E11-4CE1-A82B-E50440D726E6}.Release|x86.ActiveCfg = Release|Win32
		{3D633789-1E11-4CE1-A82B-E50440D726E6}.Release|x86.Build.0 = Release|Win32
		{DBBA58BD-BD35-4C1B-A037-F0158727140C}.Debug|x64.ActiveCfg = Debug|x64
		{DBBA58BD-BD35-4C1B-A037-F0158727140C}.Debug|x64.Build.0 = Debug|x64
		{DBBA58BD-BD35-4C1B-A037-F0158727140C}.Debug|x86.ActiveCfg = Debug|Win32
		{DBBA58BD-BD35-4C1B-A037-F0158727140C}.Debug|x86.Build.0 = Debug|Win32
		{DBBA58BD-BD35-4C1B-A037-F0158727140C}.Release|x64.ActiveCfg = Release|x64
		{DBBA58BD-BD35-4C1B-A037-F0158727140C}.Release|x64.Build.0 = Release|x64
		{DBBA58BD-BD35-4C1B-A037-F0158727140C}.Release|x86.ActiveCfg = Release|Win32
		{DBBA58BD-BD35-4C1B-A037-F0158727140C}.Release|x86.Build.0 = Release|Win32
		{5AFA907A-8AD1-4A96-B827-B494F6715B93}.Debug|x64.ActiveCfg = Debug|x64
		{5AFA907A-8AD1-4A96-B827-B494F6715B93}.Debug|x64.Build.0 = Debug|x64
		{5AFA907A-8AD1-4A96-B827-B494F6715B93}.Debug|x86.ActiveCfg = Debug|Win32
		{5AFA907A-8AD1-4A96-B827-B494F6715B93}.Debug|x86.Build.0 = Debug|Win32
		{5AFA907A-8AD1-4A96-B827-B494F6715B93}.Release|x64.ActiveCfg = Release|x64
		{5AFA907A-8AD1-4A96-B827-B494F6715B93}.Release|x64.Build.0 = Release|x64
		{5AFA907A-8AD1-4A96-B827-B494F6715B93}.Release|x86.ActiveCfg = Release|Win32
		{5AFA907A-8AD1-4A96-B827-B494F6715B93}.Release|x86.Build.0 = Release|Win32
		{EA2C5A9E-C76B-4B3A-A58D-D8E65D1BB6FB}.Debug|x64.ActiveCfg = Debug|x64
		{EA2C5A9E-C76B-4B3A-A58D-D8E65D1BB6FB}.Debug|x64.Build.0 = Debug|x64
		{EA2C5A9E-C76B-4B3A-A58D-D8E65D1BB6FB}.Debug|x86.ActiveCfg = Debug|Win32
		{EA2C5A9E-C76B-4B3A-A58D-D8E65D1BB6FB}.Debug|x86.Build.0 = Debug|Win32
		{EA2C5A9E-C76B-4B3A-A58D-D8E65D1BB6FB}.Release|x64.ActiveCfg = Release|x64
		{EA2C5A9E-C76B-4B3A-A58D-D8E65D1BB6FB}.Release|x64.Build.0 = Release|x64
		{EA2C5A9E-C76B-4B3A-A58D-D8E65D1BB6FB}.Release|x86.ActiveCfg = Release|Win32
		{EA2C5A9E-C76B-4B3A-A58D-D8E65D1BB6FB}.Release|x86.Build.0 = Release|Win32
		{31C1BCFA-BF9C-4D54-9429-C38A7911EA86}.Debug|x64.ActiveCfg = Debug|x64
		{31C1BCFA-BF9C-4D54-9429-C38A7911EA86}.Debug|x64.Build.0 = Debug|x64
		{31C1BCFA-BF9C-4D54-9429-C38A7911EA86}.Debug|x86.ActiveCfg = Debug|Win32
		{31C1BCFA-BF9C-4D54-9429-C38A7911EA86}.Debug|x86.Build.0 = Debug|Win32
		{31C1BCFA-BF9C-4D54-9429-C38A7911EA86}.Release|x64.ActiveCfg = Release|x64
		{31C1BCFA-BF9C-4D54-9429-C38A7911EA86}.Release|x64.Build.0 = Release|x64
		{31C1BCFA-BF9C-4D54-9429-C38A7911EA86}.Release|x86.ActiveCfg = Release|Win32
		{31C1BCFA-BF9C-4D54-9429-C38A7911EA86}.Release|x86.Build.0 = Release|Win32
	EndGlobalSection
	GlobalSection(SolutionProperties) = preSolution
		HideSolutionNode = FALSE
	EndGlobalSection
	GlobalSection(ExtensibilityGlobals) = postSolution
		SolutionGuid = {B1452CB8-6141-4C00-AAB0-C91AA1D9EAD8}
	EndGlobalSection
EndGlobal
